{
  "requires": true,
  "lockfileVersion": 1,
  "dependencies": {
    "@ionic-native/local-notifications": {
      "version": "4.7.0",
      "resolved": "https://registry.npmjs.org/@ionic-native/local-notifications/-/local-notifications-4.7.0.tgz",
      "integrity": "sha512-OVXpxF+JcHMvz11oKCEbJRLr/dlWQy/0HQYJMTk18cdevXVjju4IPazuhqTpTTxIXjBvTLHfUKu7rBO1ZJ8JRw=="
    },
    "@ionic-native/phonegap-local-notification": {
      "version": "4.7.0",
      "resolved": "https://registry.npmjs.org/@ionic-native/phonegap-local-notification/-/phonegap-local-notification-4.7.0.tgz",
      "integrity": "sha512-NIond+IudRWQ9jvToz0iAj8P4mTfzT8s3vEhJRzLh9Mz//dxNl0AgflWwUS1fWKUIH1hOH/CE2d5vzTrBhhIRQ=="
    },
    "@ionic-native/push": {
      "version": "4.7.0",
      "resolved": "https://registry.npmjs.org/@ionic-native/push/-/push-4.7.0.tgz",
      "integrity": "sha512-ynucoNm2Kg30rYAdgOv0h9oGGjVLz+AugL7O1/ng5piMFhC46O/eIUDJPTwkPqyM1USR/d99zbosttRo9aNgLg=="
    }
  }
}
